
Microsoft Visual Studio Solution File, Format Version 12.00
# Visual Studio Version 17
VisualStudioVersion = 17.8.34601.278
MinimumVisualStudioVersion = 10.0.40219.1
Project("{8BC9CEB8-8B4A-11D0-8D11-00A0C91BC942}") = "study3_3", "study3_3\study3_3.vcxproj", "{C69CAA85-AD53-4BAD-8CD2-7A55CB8288E5}"
EndProject
Global
	GlobalSection(SolutionConfigurationPlatforms) = preSolution
		Debug|x64 = Debug|x64
		Debug|x86 = Debug|x86
		Release|x64 = Release|x64
		Release|x86 = Release|x86
	EndGlobalSection
	GlobalSection(ProjectConfigurationPlatforms) = postSolution
		{C69CAA85-AD53-4BAD-8CD2-7A55CB8288E5}.Debug|x64.ActiveCfg = Debug|x64
		{C69CAA85-AD53-4BAD-8CD2-7A55CB8288E5}.Debug|x64.Build.0 = Debug|x64
		{C69CAA85-AD53-4BAD-8CD2-7A55CB8288E5}.Debug|x86.ActiveCfg = Debug|Win32
		{C69CAA85-AD53-4BAD-8CD2-7A55CB8288E5}.Debug|x86.Build.0 = Debug|Win32
		{C69CAA85-AD53-4BAD-8CD2-7A55CB8288E5}.Release|x64.ActiveCfg = Release|x64
		{C69CAA85-AD53-4BAD-8CD2-7A55CB8288E5}.Release|x64.Build.0 = Release|x64
		{C69CAA85-AD53-4BAD-8CD2-7A55CB8288E5}.Release|x86.ActiveCfg = Release|Win32
		{C69CAA85-AD53-4BAD-8CD2-7A55CB8288E5}.Release|x86.Build.0 = Release|Win32
	EndGlobalSection
	GlobalSection(SolutionProperties) = preSolution
		HideSolutionNode = FALSE
	EndGlobalSection
	GlobalSection(ExtensibilityGlobals) = postSolution
		SolutionGuid = {D807D632-1DEE-43E2-8B40-A29786A11E1E}
	EndGlobalSection
EndGlobal
