
Microsoft Visual Studio Solution File, Format Version 12.00
# Visual Studio Version 17
VisualStudioVersion = 17.8.34601.278
MinimumVisualStudioVersion = 10.0.40219.1
Project("{8BC9CEB8-8B4A-11D0-8D11-00A0C91BC942}") = "Quicksort", "Quicksort\Quicksort.vcxproj", "{B5630F13-AE58-4644-9A31-B7A060B52847}"
EndProject
Global
	GlobalSection(SolutionConfigurationPlatforms) = preSolution
		Debug|x64 = Debug|x64
		Debug|x86 = Debug|x86
		Release|x64 = Release|x64
		Release|x86 = Release|x86
	EndGlobalSection
	GlobalSection(ProjectConfigurationPlatforms) = postSolution
		{B5630F13-AE58-4644-9A31-B7A060B52847}.Debug|x64.ActiveCfg = Debug|x64
		{B5630F13-AE58-4644-9A31-B7A060B52847}.Debug|x64.Build.0 = Debug|x64
		{B5630F13-AE58-4644-9A31-B7A060B52847}.Debug|x86.ActiveCfg = Debug|Win32
		{B5630F13-AE58-4644-9A31-B7A060B52847}.Debug|x86.Build.0 = Debug|Win32
		{B5630F13-AE58-4644-9A31-B7A060B52847}.Release|x64.ActiveCfg = Release|x64
		{B5630F13-AE58-4644-9A31-B7A060B52847}.Release|x64.Build.0 = Release|x64
		{B5630F13-AE58-4644-9A31-B7A060B52847}.Release|x86.ActiveCfg = Release|Win32
		{B5630F13-AE58-4644-9A31-B7A060B52847}.Release|x86.Build.0 = Release|Win32
	EndGlobalSection
	GlobalSection(SolutionProperties) = preSolution
		HideSolutionNode = FALSE
	EndGlobalSection
	GlobalSection(ExtensibilityGlobals) = postSolution
		SolutionGuid = {DB4A1C38-BA48-4758-AF81-B9F14C8290A8}
	EndGlobalSection
EndGlobal
