
Microsoft Visual Studio Solution File, Format Version 12.00
# Visual Studio Version 17
VisualStudioVersion = 17.8.34302.71
MinimumVisualStudioVersion = 10.0.40219.1
Project("{8BC9CEB8-8B4A-11D0-8D11-00A0C91BC942}") = "study_11_14", "study_11_14\study_11_14.vcxproj", "{209EB5AE-4A78-4D6D-9327-7EAC6C7A97C0}"
EndProject
Global
	GlobalSection(SolutionConfigurationPlatforms) = preSolution
		Debug|x64 = Debug|x64
		Debug|x86 = Debug|x86
		Release|x64 = Release|x64
		Release|x86 = Release|x86
	EndGlobalSection
	GlobalSection(ProjectConfigurationPlatforms) = postSolution
		{209EB5AE-4A78-4D6D-9327-7EAC6C7A97C0}.Debug|x64.ActiveCfg = Debug|x64
		{209EB5AE-4A78-4D6D-9327-7EAC6C7A97C0}.Debug|x64.Build.0 = Debug|x64
		{209EB5AE-4A78-4D6D-9327-7EAC6C7A97C0}.Debug|x86.ActiveCfg = Debug|Win32
		{209EB5AE-4A78-4D6D-9327-7EAC6C7A97C0}.Debug|x86.Build.0 = Debug|Win32
		{209EB5AE-4A78-4D6D-9327-7EAC6C7A97C0}.Release|x64.ActiveCfg = Release|x64
		{209EB5AE-4A78-4D6D-9327-7EAC6C7A97C0}.Release|x64.Build.0 = Release|x64
		{209EB5AE-4A78-4D6D-9327-7EAC6C7A97C0}.Release|x86.ActiveCfg = Release|Win32
		{209EB5AE-4A78-4D6D-9327-7EAC6C7A97C0}.Release|x86.Build.0 = Release|Win32
	EndGlobalSection
	GlobalSection(SolutionProperties) = preSolution
		HideSolutionNode = FALSE
	EndGlobalSection
	GlobalSection(ExtensibilityGlobals) = postSolution
		SolutionGuid = {8EBB67ED-6BB4-4769-90B7-A4DFEAC57178}
	EndGlobalSection
EndGlobal
