
Microsoft Visual Studio Solution File, Format Version 12.00
# Visual Studio Version 17
VisualStudioVersion = 17.8.34601.278
MinimumVisualStudioVersion = 10.0.40219.1
Project("{8BC9CEB8-8B4A-11D0-8D11-00A0C91BC942}") = "DList", "DList\DList.vcxproj", "{E41D78DB-F043-42B7-B9E2-E3F5B6306BDA}"
EndProject
Global
	GlobalSection(SolutionConfigurationPlatforms) = preSolution
		Debug|x64 = Debug|x64
		Debug|x86 = Debug|x86
		Release|x64 = Release|x64
		Release|x86 = Release|x86
	EndGlobalSection
	GlobalSection(ProjectConfigurationPlatforms) = postSolution
		{E41D78DB-F043-42B7-B9E2-E3F5B6306BDA}.Debug|x64.ActiveCfg = Debug|x64
		{E41D78DB-F043-42B7-B9E2-E3F5B6306BDA}.Debug|x64.Build.0 = Debug|x64
		{E41D78DB-F043-42B7-B9E2-E3F5B6306BDA}.Debug|x86.ActiveCfg = Debug|Win32
		{E41D78DB-F043-42B7-B9E2-E3F5B6306BDA}.Debug|x86.Build.0 = Debug|Win32
		{E41D78DB-F043-42B7-B9E2-E3F5B6306BDA}.Release|x64.ActiveCfg = Release|x64
		{E41D78DB-F043-42B7-B9E2-E3F5B6306BDA}.Release|x64.Build.0 = Release|x64
		{E41D78DB-F043-42B7-B9E2-E3F5B6306BDA}.Release|x86.ActiveCfg = Release|Win32
		{E41D78DB-F043-42B7-B9E2-E3F5B6306BDA}.Release|x86.Build.0 = Release|Win32
	EndGlobalSection
	GlobalSection(SolutionProperties) = preSolution
		HideSolutionNode = FALSE
	EndGlobalSection
	GlobalSection(ExtensibilityGlobals) = postSolution
		SolutionGuid = {F59C48B7-2EEC-4726-92AB-4D5BE86AA652}
	EndGlobalSection
EndGlobal
